
Microsoft Visual Studio Solution File, Format Version 12.00
Project("{FAE04EC0-301F-11D3-BF4B-00C04F79EFBC}") = "ADPProject.Tests", "ADPProject.Tests\ADPProject.Tests.csproj", "{48F922D1-52E6-4A55-AD94-8702BBC4D1C9}"
EndProject
Project("{FAE04EC0-301F-11D3-BF4B-00C04F79EFBC}") = "ADPProject.Library", "ADPProject.Library\ADPProject.Library.csproj", "{474242B3-A353-426B-87AE-9D6F7299B73C}"
EndProject
Global
	GlobalSection(SolutionConfigurationPlatforms) = preSolution
		Debug|Any CPU = Debug|Any CPU
		Release|Any CPU = Release|Any CPU
	EndGlobalSection
	GlobalSection(ProjectConfigurationPlatforms) = postSolution
		{48F922D1-52E6-4A55-AD94-8702BBC4D1C9}.Debug|Any CPU.ActiveCfg = Debug|Any CPU
		{48F922D1-52E6-4A55-AD94-8702BBC4D1C9}.Debug|Any CPU.Build.0 = Debug|Any CPU
		{48F922D1-52E6-4A55-AD94-8702BBC4D1C9}.Release|Any CPU.ActiveCfg = Release|Any CPU
		{48F922D1-52E6-4A55-AD94-8702BBC4D1C9}.Release|Any CPU.Build.0 = Release|Any CPU
		{474242B3-A353-426B-87AE-9D6F7299B73C}.Debug|Any CPU.ActiveCfg = Debug|Any CPU
		{474242B3-A353-426B-87AE-9D6F7299B73C}.Debug|Any CPU.Build.0 = Debug|Any CPU
		{474242B3-A353-426B-87AE-9D6F7299B73C}.Release|Any CPU.ActiveCfg = Release|Any CPU
		{474242B3-A353-426B-87AE-9D6F7299B73C}.Release|Any CPU.Build.0 = Release|Any CPU
	EndGlobalSection
EndGlobal
